
Microsoft Visual Studio Solution File, Format Version 12.00
# Visual Studio Version 17
VisualStudioVersion = 17.7.33808.371
MinimumVisualStudioVersion = 10.0.40219.1
Project("{9A19103F-16F7-4668-BE54-9A1E7A4F7556}") = "LP.Plotter", "LP.Plotter\LP.Plotter.csproj", "{A942CEB1-3A45-4DE8-BA16-D5EDF2A2AD51}"
EndProject
Project("{9A19103F-16F7-4668-BE54-9A1E7A4F7556}") = "LP.Plotter.Core", "LP.Plotter.Core\LP.Plotter.Core.csproj", "{2EF2F3AE-9833-4537-B96F-4A52A75C6738}"
EndProject
Project("{9A19103F-16F7-4668-BE54-9A1E7A4F7556}") = "LP.Plotter.WpfSkia.Test", "LP.Plotter.WpfSkia.Test\LP.Plotter.WpfSkia.Test.csproj", "{8D1B3ECE-C63A-4289-9947-AB8759F73953}"
EndProject
Project("{FAE04EC0-301F-11D3-BF4B-00C04F79EFBC}") = "LP.Plot.Test", "LP.Plot.Test\LP.Plot.Test.csproj", "{1D5D6D61-68B4-46F1-A37A-13A1A9A97B5C}"
EndProject
Global
	GlobalSection(SolutionConfigurationPlatforms) = preSolution
		Debug|Any CPU = Debug|Any CPU
		Release|Any CPU = Release|Any CPU
	EndGlobalSection
	GlobalSection(ProjectConfigurationPlatforms) = postSolution
		{A942CEB1-3A45-4DE8-BA16-D5EDF2A2AD51}.Debug|Any CPU.ActiveCfg = Debug|Any CPU
		{A942CEB1-3A45-4DE8-BA16-D5EDF2A2AD51}.Debug|Any CPU.Build.0 = Debug|Any CPU
		{A942CEB1-3A45-4DE8-BA16-D5EDF2A2AD51}.Release|Any CPU.ActiveCfg = Release|Any CPU
		{A942CEB1-3A45-4DE8-BA16-D5EDF2A2AD51}.Release|Any CPU.Build.0 = Release|Any CPU
		{2EF2F3AE-9833-4537-B96F-4A52A75C6738}.Debug|Any CPU.ActiveCfg = Debug|Any CPU
		{2EF2F3AE-9833-4537-B96F-4A52A75C6738}.Debug|Any CPU.Build.0 = Debug|Any CPU
		{2EF2F3AE-9833-4537-B96F-4A52A75C6738}.Release|Any CPU.ActiveCfg = Release|Any CPU
		{2EF2F3AE-9833-4537-B96F-4A52A75C6738}.Release|Any CPU.Build.0 = Release|Any CPU
		{8D1B3ECE-C63A-4289-9947-AB8759F73953}.Debug|Any CPU.ActiveCfg = Debug|Any CPU
		{8D1B3ECE-C63A-4289-9947-AB8759F73953}.Debug|Any CPU.Build.0 = Debug|Any CPU
		{8D1B3ECE-C63A-4289-9947-AB8759F73953}.Release|Any CPU.ActiveCfg = Release|Any CPU
		{8D1B3ECE-C63A-4289-9947-AB8759F73953}.Release|Any CPU.Build.0 = Release|Any CPU
		{1D5D6D61-68B4-46F1-A37A-13A1A9A97B5C}.Debug|Any CPU.ActiveCfg = Debug|Any CPU
		{1D5D6D61-68B4-46F1-A37A-13A1A9A97B5C}.Debug|Any CPU.Build.0 = Debug|Any CPU
		{1D5D6D61-68B4-46F1-A37A-13A1A9A97B5C}.Release|Any CPU.ActiveCfg = Release|Any CPU
		{1D5D6D61-68B4-46F1-A37A-13A1A9A97B5C}.Release|Any CPU.Build.0 = Release|Any CPU
	EndGlobalSection
	GlobalSection(SolutionProperties) = preSolution
		HideSolutionNode = FALSE
	EndGlobalSection
	GlobalSection(ExtensibilityGlobals) = postSolution
		SolutionGuid = {3A51A732-E3C1-40E8-92EB-1B2343BDFF37}
	EndGlobalSection
EndGlobal
